{
  "name": "bud-cli",
  "version": "1.0.1",
  "lockfileVersion": 1,
  "requires": true,
  "dependencies": {
    "ansi-bgblack": {
      "version": "0.1.1",
      "resolved": "http://registry.npm.taobao.org/ansi-bgblack/download/ansi-bgblack-0.1.1.tgz",
      "integrity": "sha1-poulAHiHcBtqr74/oNrf36juPKI=",
      "requires": {
        "ansi-wrap": "0.1.0"
      }
    },
    "ansi-bgblue": {
      "version": "0.1.1",
      "resolved": "http://registry.npm.taobao.org/ansi-bgblue/download/ansi-bgblue-0.1.1.tgz",
      "integrity": "sha1-Z73ATtybm1J4lp2hlt6j11yMNhM=",
      "requires": {
        "ansi-wrap": "0.1.0"
      }
    },
    "ansi-bgcyan": {
      "version": "0.1.1",
      "resolved": "http://registry.npm.taobao.org/ansi-bgcyan/download/ansi-bgcyan-0.1.1.tgz",
      "integrity": "sha1-WEiUJWAL3p9VBwaN2Wnr/bUP52g=",
      "requires": {
        "ansi-wrap": "0.1.0"
      }
    },
    "ansi-bggreen": {
      "version": "0.1.1",
      "resolved": "http://registry.npm.taobao.org/ansi-bggreen/download/ansi-bggreen-0.1.1.tgz",
      "integrity": "sha1-TjGRJIUplD9DIelr8THRwTgWr0k=",
      "requires": {
        "ansi-wrap": "0.1.0"
      }
    },
    "ansi-bgmagenta": {
      "version": "0.1.1",
      "resolved": "http://registry.npm.taobao.org/ansi-bgmagenta/download/ansi-bgmagenta-0.1.1.tgz",
      "integrity": "sha1-myhDLAduqpmUGGcqPvvhk5HCx6E=",
      "requires": {
        "ansi-wrap": "0.1.0"
      }
    },
    "ansi-bgred": {
      "version": "0.1.1",
      "resolved": "http://registry.npm.taobao.org/ansi-bgred/download/ansi-bgred-0.1.1.tgz",
      "integrity": "sha1-p2+Sg4OCukMpCmwXeEJPmE1vEEE=",
      "requires": {
        "ansi-wrap": "0.1.0"
      }
    },
    "ansi-bgwhite": {
      "version": "0.1.1",
      "resolved": "http://registry.npm.taobao.org/ansi-bgwhite/download/ansi-bgwhite-0.1.1.tgz",
      "integrity": "sha1-ZQRlE3elim7OzQMxmU5IAljhG6g=",
      "requires": {
        "ansi-wrap": "0.1.0"
      }
    },
    "ansi-bgyellow": {
      "version": "0.1.1",
      "resolved": "http://registry.npm.taobao.org/ansi-bgyellow/download/ansi-bgyellow-0.1.1.tgz",
      "integrity": "sha1-w/4usIzUdmSAKeaHTRWgs49h1E8=",
      "requires": {
        "ansi-wrap": "0.1.0"
      }
    },
    "ansi-black": {
      "version": "0.1.1",
      "resolved": "http://registry.npm.taobao.org/ansi-black/download/ansi-black-0.1.1.tgz",
      "integrity": "sha1-9hheiJNgslRaHsUMC/Bj/EMDJFM=",
      "requires": {
        "ansi-wrap": "0.1.0"
      }
    },
    "ansi-blue": {
      "version": "0.1.1",
      "resolved": "http://registry.npm.taobao.org/ansi-blue/download/ansi-blue-0.1.1.tgz",
      "integrity": "sha1-FbgEmQ6S/JyoxUds6PaZd3wh7b8=",
      "requires": {
        "ansi-wrap": "0.1.0"
      }
    },
    "ansi-bold": {
      "version": "0.1.1",
      "resolved": "http://registry.npm.taobao.org/ansi-bold/download/ansi-bold-0.1.1.tgz",
      "integrity": "sha1-PmOVCvWswq4uZw5vZ96xFdGl9QU=",
      "requires": {
        "ansi-wrap": "0.1.0"
      }
    },
    "ansi-colors": {
      "version": "0.2.0",
      "resolved": "http://registry.npm.taobao.org/ansi-colors/download/ansi-colors-0.2.0.tgz",
      "integrity": "sha1-csMd4qDZoszQysMMyYI+6y9kNLU=",
      "requires": {
        "ansi-bgblack": "^0.1.1",
        "ansi-bgblue": "^0.1.1",
        "ansi-bgcyan": "^0.1.1",
        "ansi-bggreen": "^0.1.1",
        "ansi-bgmagenta": "^0.1.1",
        "ansi-bgred": "^0.1.1",
        "ansi-bgwhite": "^0.1.1",
        "ansi-bgyellow": "^0.1.1",
        "ansi-black": "^0.1.1",
        "ansi-blue": "^0.1.1",
        "ansi-bold": "^0.1.1",
        "ansi-cyan": "^0.1.1",
        "ansi-dim": "^0.1.1",
        "ansi-gray": "^0.1.1",
        "ansi-green": "^0.1.1",
        "ansi-grey": "^0.1.1",
        "ansi-hidden": "^0.1.1",
        "ansi-inverse": "^0.1.1",
        "ansi-italic": "^0.1.1",
        "ansi-magenta": "^0.1.1",
        "ansi-red": "^0.1.1",
        "ansi-reset": "^0.1.1",
        "ansi-strikethrough": "^0.1.1",
        "ansi-underline": "^0.1.1",
        "ansi-white": "^0.1.1",
        "ansi-yellow": "^0.1.1",
        "lazy-cache": "^2.0.1"
      }
    },
    "ansi-cyan": {
      "version": "0.1.1",
      "resolved": "http://registry.npm.taobao.org/ansi-cyan/download/ansi-cyan-0.1.1.tgz",
      "integrity": "sha1-U4rlKK+JgvKK4w2G8vF0VtJgmHM=",
      "requires": {
        "ansi-wrap": "0.1.0"
      }
    },
    "ansi-dim": {
      "version": "0.1.1",
      "resolved": "http://registry.npm.taobao.org/ansi-dim/download/ansi-dim-0.1.1.tgz",
      "integrity": "sha1-QN5MYDqoCG2Oeoa4/5mNXDbu/Ww=",
      "requires": {
        "ansi-wrap": "0.1.0"
      }
    },
    "ansi-gray": {
      "version": "0.1.1",
      "resolved": "http://registry.npm.taobao.org/ansi-gray/download/ansi-gray-0.1.1.tgz",
      "integrity": "sha1-KWLPVOyXksSFEKPetSRDaGHvclE=",
      "requires": {
        "ansi-wrap": "0.1.0"
      }
    },
    "ansi-green": {
      "version": "0.1.1",
      "resolved": "http://registry.npm.taobao.org/ansi-green/download/ansi-green-0.1.1.tgz",
      "integrity": "sha1-il2al55FjVfEDjNYCzc5C44Q0Pc=",
      "requires": {
        "ansi-wrap": "0.1.0"
      }
    },
    "ansi-grey": {
      "version": "0.1.1",
      "resolved": "http://registry.npm.taobao.org/ansi-grey/download/ansi-grey-0.1.1.tgz",
      "integrity": "sha1-WdmLasK6GfilF5jphT+6eDOaM8E=",
      "requires": {
        "ansi-wrap": "0.1.0"
      }
    },
    "ansi-hidden": {
      "version": "0.1.1",
      "resolved": "http://registry.npm.taobao.org/ansi-hidden/download/ansi-hidden-0.1.1.tgz",
      "integrity": "sha1-7WpMSY0rt8uyidvyqNHcyFZ/rg8=",
      "requires": {
        "ansi-wrap": "0.1.0"
      }
    },
    "ansi-inverse": {
      "version": "0.1.1",
      "resolved": "http://registry.npm.taobao.org/ansi-inverse/download/ansi-inverse-0.1.1.tgz",
      "integrity": "sha1-tq9Fgm/oJr+1KKbHmIV5Q1XM0mk=",
      "requires": {
        "ansi-wrap": "0.1.0"
      }
    },
    "ansi-italic": {
      "version": "0.1.1",
      "resolved": "http://registry.npm.taobao.org/ansi-italic/download/ansi-italic-0.1.1.tgz",
      "integrity": "sha1-EEdDRj9iXBQqA2c5z4XtpoiYbyM=",
      "requires": {
        "ansi-wrap": "0.1.0"
      }
    },
    "ansi-magenta": {
      "version": "0.1.1",
      "resolved": "http://registry.npm.taobao.org/ansi-magenta/download/ansi-magenta-0.1.1.tgz",
      "integrity": "sha1-BjtboW+z8j4c/aKwfAqJ3hHkMK4=",
      "requires": {
        "ansi-wrap": "0.1.0"
      }
    },
    "ansi-red": {
      "version": "0.1.1",
      "resolved": "http://registry.npm.taobao.org/ansi-red/download/ansi-red-0.1.1.tgz",
      "integrity": "sha1-jGOPnRCAgAo1PJwoyKgcpHBdlGw=",
      "requires": {
        "ansi-wrap": "0.1.0"
      }
    },
    "ansi-regex": {
      "version": "3.0.0",
      "resolved": "http://registry.npm.taobao.org/ansi-regex/download/ansi-regex-3.0.0.tgz",
      "integrity": "sha1-7QMXwyIGT3lGbAKWa922Bas32Zg="
    },
    "ansi-reset": {
      "version": "0.1.1",
      "resolved": "http://registry.npm.taobao.org/ansi-reset/download/ansi-reset-0.1.1.tgz",
      "integrity": "sha1-5+cSksPH3c1NYu9KbHwFmAkRw7c=",
      "requires": {
        "ansi-wrap": "0.1.0"
      }
    },
    "ansi-strikethrough": {
      "version": "0.1.1",
      "resolved": "http://registry.npm.taobao.org/ansi-strikethrough/download/ansi-strikethrough-0.1.1.tgz",
      "integrity": "sha1-2Eh3FAss/wfRyT685pkE9oiF5Wg=",
      "requires": {
        "ansi-wrap": "0.1.0"
      }
    },
    "ansi-styles": {
      "version": "3.2.1",
      "resolved": "http://registry.npm.taobao.org/ansi-styles/download/ansi-styles-3.2.1.tgz",
      "integrity": "sha1-QfuyAkPlCxK+DwS43tvwdSDOhB0=",
      "requires": {
        "color-convert": "^1.9.0"
      }
    },
    "ansi-underline": {
      "version": "0.1.1",
      "resolved": "http://registry.npm.taobao.org/ansi-underline/download/ansi-underline-0.1.1.tgz",
      "integrity": "sha1-38kg9Ml7WXfqFi34/7mIMIqqcaQ=",
      "requires": {
        "ansi-wrap": "0.1.0"
      }
    },
    "ansi-white": {
      "version": "0.1.1",
      "resolved": "http://registry.npm.taobao.org/ansi-white/download/ansi-white-0.1.1.tgz",
      "integrity": "sha1-nHe3wZPF7pkuYBHTbsTJIbRXiUQ=",
      "requires": {
        "ansi-wrap": "0.1.0"
      }
    },
    "ansi-wrap": {
      "version": "0.1.0",
      "resolved": "http://registry.npm.taobao.org/ansi-wrap/download/ansi-wrap-0.1.0.tgz",
      "integrity": "sha1-qCJQ3bABXponyoLoLqYDu/pF768="
    },
    "ansi-yellow": {
      "version": "0.1.1",
      "resolved": "http://registry.npm.taobao.org/ansi-yellow/download/ansi-yellow-0.1.1.tgz",
      "integrity": "sha1-y5NW8vRscy8OMZnmEClVp32oPB0=",
      "requires": {
        "ansi-wrap": "0.1.0"
      }
    },
    "arr-flatten": {
      "version": "1.1.0",
      "resolved": "http://registry.npm.taobao.org/arr-flatten/download/arr-flatten-1.1.0.tgz",
      "integrity": "sha1-NgSLv/TntH4TZkQxbJlmnqWukfE="
    },
    "arr-swap": {
      "version": "1.0.1",
      "resolved": "http://registry.npm.taobao.org/arr-swap/download/arr-swap-1.0.1.tgz",
      "integrity": "sha1-FHWQ7WX8gVvAf+8Jl8Llgj1kNTQ=",
      "requires": {
        "is-number": "^3.0.0"
      },
      "dependencies": {
        "is-number": {
          "version": "3.0.0",
          "resolved": "http://registry.npm.taobao.org/is-number/download/is-number-3.0.0.tgz",
          "integrity": "sha1-JP1iAaR4LPUFYcgQJ2r8fRLXEZU=",
          "requires": {
            "kind-of": "^3.0.2"
          }
        }
      }
    },
    "balanced-match": {
      "version": "1.0.0",
      "resolved": "http://registry.npm.taobao.org/balanced-match/download/balanced-match-1.0.0.tgz",
      "integrity": "sha1-ibTRmasr7kneFk6gK4nORi1xt2c="
    },
    "brace-expansion": {
      "version": "1.1.11",
      "resolved": "http://registry.npm.taobao.org/brace-expansion/download/brace-expansion-1.1.11.tgz",
      "integrity": "sha1-PH/L9SnYcibz0vUrlm/1Jx60Qd0=",
      "requires": {
        "balanced-match": "^1.0.0",
        "concat-map": "0.0.1"
      }
    },
    "chalk": {
      "version": "2.4.1",
      "resolved": "http://registry.npm.taobao.org/chalk/download/chalk-2.4.1.tgz",
      "integrity": "sha1-GMSasWoDe26wFSzIPjRxM4IVtm4=",
      "requires": {
        "ansi-styles": "^3.2.1",
        "escape-string-regexp": "^1.0.5",
        "supports-color": "^5.3.0"
      }
    },
    "choices-separator": {
      "version": "2.0.0",
      "resolved": "http://registry.npm.taobao.org/choices-separator/download/choices-separator-2.0.0.tgz",
      "integrity": "sha1-kv0XYxgteQM/XFxR0Lo1LlVnxpY=",
      "requires": {
        "ansi-dim": "^0.1.1",
        "debug": "^2.6.6",
        "strip-color": "^0.1.0"
      },
      "dependencies": {
        "debug": {
          "version": "2.6.9",
          "resolved": "http://registry.npm.taobao.org/debug/download/debug-2.6.9.tgz",
          "integrity": "sha1-XRKFFd8TT/Mn6QpMk/Tgd6U2NB8=",
          "requires": {
            "ms": "2.0.0"
          }
        },
        "ms": {
          "version": "2.0.0",
          "resolved": "http://registry.npm.taobao.org/ms/download/ms-2.0.0.tgz",
          "integrity": "sha1-VgiurfwAvmwpAd9fmGF4jeDVl8g="
        }
      }
    },
    "cli-cursor": {
      "version": "2.1.0",
      "resolved": "http://registry.npm.taobao.org/cli-cursor/download/cli-cursor-2.1.0.tgz",
      "integrity": "sha1-s12sN2R5+sw+lHR9QdDQ9SOP/LU=",
      "requires": {
        "restore-cursor": "^2.0.0"
      }
    },
    "cli-spinners": {
      "version": "1.3.1",
      "resolved": "http://registry.npm.taobao.org/cli-spinners/download/cli-spinners-1.3.1.tgz",
      "integrity": "sha1-ACwZkJEtDVlYDJO9NsBW3pnkJZo="
    },
    "clone": {
      "version": "1.0.4",
      "resolved": "http://registry.npm.taobao.org/clone/download/clone-1.0.4.tgz",
      "integrity": "sha1-2jCcwmPfFZlMaIypAheco8fNfH4="
    },
    "clone-deep": {
      "version": "1.0.0",
      "resolved": "http://registry.npm.taobao.org/clone-deep/download/clone-deep-1.0.0.tgz",
      "integrity": "sha1-svNUREtdSgzlj6yjN+802isUpsc=",
      "requires": {
        "for-own": "^1.0.0",
        "is-plain-object": "^2.0.4",
        "kind-of": "^5.0.0",
        "shallow-clone": "^1.0.0"
      },
      "dependencies": {
        "kind-of": {
          "version": "5.1.0",
          "resolved": "http://registry.npm.taobao.org/kind-of/download/kind-of-5.1.0.tgz",
          "integrity": "sha1-cpyR4thXt6QZofmqZWhcTDP1hF0="
        }
      }
    },
    "co": {
      "version": "4.6.0",
      "resolved": "http://registry.npm.taobao.org/co/download/co-4.6.0.tgz",
      "integrity": "sha1-bqa989hTrlTMuOR7+gvz+QMfsYQ="
    },
    "co-prompt": {
      "version": "1.0.0",
      "resolved": "https://registry.npmjs.org/co-prompt/-/co-prompt-1.0.0.tgz",
      "integrity": "sha1-+zcOntrEhXayenMv5dfyHZ/G5vY=",
      "requires": {
        "keypress": "~0.2.1"
      }
    },
    "collection-visit": {
      "version": "1.0.0",
      "resolved": "http://registry.npm.taobao.org/collection-visit/download/collection-visit-1.0.0.tgz",
      "integrity": "sha1-S8A3PBZLwykbTTaMgpzxqApZ3KA=",
      "requires": {
        "map-visit": "^1.0.0",
        "object-visit": "^1.0.0"
      }
    },
    "color-convert": {
      "version": "1.9.3",
      "resolved": "http://registry.npm.taobao.org/color-convert/download/color-convert-1.9.3.tgz",
      "integrity": "sha1-u3GFBpDh8TZWfeYp0tVHHe2kweg=",
      "requires": {
        "color-name": "1.1.3"
      }
    },
    "color-name": {
      "version": "1.1.3",
      "resolved": "http://registry.npm.taobao.org/color-name/download/color-name-1.1.3.tgz",
      "integrity": "sha1-p9BVi9icQveV3UIyj3QIMcpTvCU="
    },
    "commander": {
      "version": "2.19.0",
      "resolved": "http://registry.npm.taobao.org/commander/download/commander-2.19.0.tgz",
      "integrity": "sha1-9hmKqE5bg8RgVLlN3tv+1e6f8So="
    },
    "component-emitter": {
      "version": "1.2.1",
      "resolved": "http://registry.npm.taobao.org/component-emitter/download/component-emitter-1.2.1.tgz",
      "integrity": "sha1-E3kY1teCg/ffemt8WmPhQOaUJeY="
    },
    "concat-map": {
      "version": "0.0.1",
      "resolved": "http://registry.npm.taobao.org/concat-map/download/concat-map-0.0.1.tgz",
      "integrity": "sha1-2Klr13/Wjfd5OnMDajug1UBdR3s="
    },
    "copy-descriptor": {
      "version": "0.1.1",
      "resolved": "http://registry.npm.taobao.org/copy-descriptor/download/copy-descriptor-0.1.1.tgz",
      "integrity": "sha1-Z29us8OZl8LuGsOpJP1hJHSPV40="
    },
    "debug": {
      "version": "3.2.6",
      "resolved": "http://registry.npm.taobao.org/debug/download/debug-3.2.6.tgz",
      "integrity": "sha1-6D0X3hbYp++3cX7b5fsQE17uYps=",
      "requires": {
        "ms": "^2.1.1"
      }
    },
    "defaults": {
      "version": "1.0.3",
      "resolved": "http://registry.npm.taobao.org/defaults/download/defaults-1.0.3.tgz",
      "integrity": "sha1-xlYFHpgX2f8I7YgUd/P+QBnz730=",
      "requires": {
        "clone": "^1.0.2"
      }
    },
    "define-property": {
      "version": "1.0.0",
      "resolved": "http://registry.npm.taobao.org/define-property/download/define-property-1.0.0.tgz",
      "integrity": "sha1-dp66rz9KY6rTr56NMEybvnm/sOY=",
      "requires": {
        "is-descriptor": "^1.0.0"
      }
    },
    "error-symbol": {
      "version": "0.1.0",
      "resolved": "http://registry.npm.taobao.org/error-symbol/download/error-symbol-0.1.0.tgz",
      "integrity": "sha1-Ck2uN9YA0VopukU9jvkg8YRDM/Y="
    },
    "escape-string-regexp": {
      "version": "1.0.5",
      "resolved": "http://registry.npm.taobao.org/escape-string-regexp/download/escape-string-regexp-1.0.5.tgz",
      "integrity": "sha1-G2HAViGQqN/2rjuyzwIAyhMLhtQ="
    },
    "extend-shallow": {
      "version": "2.0.1",
      "resolved": "http://registry.npm.taobao.org/extend-shallow/download/extend-shallow-2.0.1.tgz",
      "integrity": "sha1-Ua99YUrZqfYQ6huvu5idaxxWiQ8=",
      "requires": {
        "is-extendable": "^0.1.0"
      }
    },
    "for-in": {
      "version": "1.0.2",
      "resolved": "http://registry.npm.taobao.org/for-in/download/for-in-1.0.2.tgz",
      "integrity": "sha1-gQaNKVqBQuwKxybG4iAMMPttXoA="
    },
    "for-own": {
      "version": "1.0.0",
      "resolved": "http://registry.npm.taobao.org/for-own/download/for-own-1.0.0.tgz",
      "integrity": "sha1-xjMy9BXO3EsE2/5wz4NklMU8tEs=",
      "requires": {
        "for-in": "^1.0.1"
      }
    },
    "fs.realpath": {
      "version": "1.0.0",
      "resolved": "http://registry.npm.taobao.org/fs.realpath/download/fs.realpath-1.0.0.tgz",
      "integrity": "sha1-FQStJSMVjKpA20onh8sBQRmU6k8="
    },
    "glob": {
      "version": "7.1.3",
      "resolved": "http://registry.npm.taobao.org/glob/download/glob-7.1.3.tgz",
      "integrity": "sha1-OWCDLT8VdBCDQtr9OmezMsCWnfE=",
      "requires": {
        "fs.realpath": "^1.0.0",
        "inflight": "^1.0.4",
        "inherits": "2",
        "minimatch": "^3.0.4",
        "once": "^1.3.0",
        "path-is-absolute": "^1.0.0"
      }
    },
    "has-flag": {
      "version": "3.0.0",
      "resolved": "http://registry.npm.taobao.org/has-flag/download/has-flag-3.0.0.tgz",
      "integrity": "sha1-tdRU3CGZriJWmfNGfloH87lVuv0="
    },
    "inflight": {
      "version": "1.0.6",
      "resolved": "http://registry.npm.taobao.org/inflight/download/inflight-1.0.6.tgz",
      "integrity": "sha1-Sb1jMdfQLQwJvJEKEHW6gWW1bfk=",
      "requires": {
        "once": "^1.3.0",
        "wrappy": "1"
      }
    },
    "info-symbol": {
      "version": "0.1.0",
      "resolved": "http://registry.npm.taobao.org/info-symbol/download/info-symbol-0.1.0.tgz",
      "integrity": "sha1-J4QdcoZ920JCzWEtecEGM4gcang="
    },
    "inherits": {
      "version": "2.0.3",
      "resolved": "http://registry.npm.taobao.org/inherits/download/inherits-2.0.3.tgz",
      "integrity": "sha1-Yzwsg+PaQqUC9SRmAiSA9CCCYd4="
    },
    "is-accessor-descriptor": {
      "version": "1.0.0",
      "resolved": "http://registry.npm.taobao.org/is-accessor-descriptor/download/is-accessor-descriptor-1.0.0.tgz",
      "integrity": "sha1-FpwvbT3x+ZJhgHI2XJsOofaHhlY=",
      "requires": {
        "kind-of": "^6.0.0"
      },
      "dependencies": {
        "kind-of": {
          "version": "6.0.2",
          "resolved": "http://registry.npm.taobao.org/kind-of/download/kind-of-6.0.2.tgz",
          "integrity": "sha1-ARRrNqYhjmTljzqNZt5df8b20FE="
        }
      }
    },
    "is-buffer": {
      "version": "1.1.6",
      "resolved": "http://registry.npm.taobao.org/is-buffer/download/is-buffer-1.1.6.tgz",
      "integrity": "sha1-76ouqdqg16suoTqXsritUf776L4="
    },
    "is-data-descriptor": {
      "version": "1.0.0",
      "resolved": "http://registry.npm.taobao.org/is-data-descriptor/download/is-data-descriptor-1.0.0.tgz",
      "integrity": "sha1-2Eh2Mh0Oet0DmQQGq7u9NrqSaMc=",
      "requires": {
        "kind-of": "^6.0.0"
      },
      "dependencies": {
        "kind-of": {
          "version": "6.0.2",
          "resolved": "http://registry.npm.taobao.org/kind-of/download/kind-of-6.0.2.tgz",
          "integrity": "sha1-ARRrNqYhjmTljzqNZt5df8b20FE="
        }
      }
    },
    "is-descriptor": {
      "version": "1.0.2",
      "resolved": "http://registry.npm.taobao.org/is-descriptor/download/is-descriptor-1.0.2.tgz",
      "integrity": "sha1-OxWXRqZmBLBPjIFSS6NlxfFNhuw=",
      "requires": {
        "is-accessor-descriptor": "^1.0.0",
        "is-data-descriptor": "^1.0.0",
        "kind-of": "^6.0.2"
      },
      "dependencies": {
        "kind-of": {
          "version": "6.0.2",
          "resolved": "http://registry.npm.taobao.org/kind-of/download/kind-of-6.0.2.tgz",
          "integrity": "sha1-ARRrNqYhjmTljzqNZt5df8b20FE="
        }
      }
    },
    "is-extendable": {
      "version": "0.1.1",
      "resolved": "http://registry.npm.taobao.org/is-extendable/download/is-extendable-0.1.1.tgz",
      "integrity": "sha1-YrEQ4omkcUGOPsNqYX1HLjAd/Ik="
    },
    "is-fullwidth-code-point": {
      "version": "2.0.0",
      "resolved": "http://registry.npm.taobao.org/is-fullwidth-code-point/download/is-fullwidth-code-point-2.0.0.tgz",
      "integrity": "sha1-o7MKXE8ZkYMWeqq5O+764937ZU8="
    },
    "is-number": {
      "version": "6.0.0",
      "resolved": "http://registry.npm.taobao.org/is-number/download/is-number-6.0.0.tgz",
      "integrity": "sha1-5tFa0x/CYoh8zPIXrl+TFvgbGZU="
    },
    "is-plain-object": {
      "version": "2.0.4",
      "resolved": "http://registry.npm.taobao.org/is-plain-object/download/is-plain-object-2.0.4.tgz",
      "integrity": "sha1-LBY7P6+xtgbZ0Xko8FwqHDjgdnc=",
      "requires": {
        "isobject": "^3.0.1"
      }
    },
    "is-windows": {
      "version": "1.0.2",
      "resolved": "http://registry.npm.taobao.org/is-windows/download/is-windows-1.0.2.tgz",
      "integrity": "sha1-0YUOuXkezRjmGCzhKjDzlmNLsZ0="
    },
    "isobject": {
      "version": "3.0.1",
      "resolved": "http://registry.npm.taobao.org/isobject/download/isobject-3.0.1.tgz",
      "integrity": "sha1-TkMekrEalzFjaqH5yNHMvP2reN8="
    },
    "keypress": {
      "version": "0.2.1",
      "resolved": "https://registry.npmjs.org/keypress/-/keypress-0.2.1.tgz",
      "integrity": "sha1-HoBFQlABjbrUw/6USX1uZ7YmnHc="
    },
    "kind-of": {
      "version": "3.2.2",
      "resolved": "http://registry.npm.taobao.org/kind-of/download/kind-of-3.2.2.tgz",
      "integrity": "sha1-MeohpzS6ubuw8yRm2JOupR5KPGQ=",
      "requires": {
        "is-buffer": "^1.1.5"
      }
    },
    "koalas": {
      "version": "1.0.2",
      "resolved": "http://registry.npm.taobao.org/koalas/download/koalas-1.0.2.tgz",
      "integrity": "sha1-MYQz8HQjXbePrlZhoCqMpT7ilc0="
    },
    "lazy-cache": {
      "version": "2.0.2",
      "resolved": "http://registry.npm.taobao.org/lazy-cache/download/lazy-cache-2.0.2.tgz",
      "integrity": "sha1-uRkKT5EzVGlIQIWfio9whNiCImQ=",
      "requires": {
        "set-getter": "^0.1.0"
      }
    },
    "log-ok": {
      "version": "0.1.1",
      "resolved": "http://registry.npm.taobao.org/log-ok/download/log-ok-0.1.1.tgz",
      "integrity": "sha1-vqPdNqzQuKckDXhza1uXxlREozQ=",
      "requires": {
        "ansi-green": "^0.1.1",
        "success-symbol": "^0.1.0"
      }
    },
    "log-symbols": {
      "version": "2.2.0",
      "resolved": "http://registry.npm.taobao.org/log-symbols/download/log-symbols-2.2.0.tgz",
      "integrity": "sha1-V0Dhxdbw39pK2TI7UzIQfva0xAo=",
      "requires": {
        "chalk": "^2.0.1"
      }
    },
    "log-utils": {
      "version": "0.2.1",
      "resolved": "http://registry.npm.taobao.org/log-utils/download/log-utils-0.2.1.tgz",
      "integrity": "sha1-pMIXoN2aUFFdm5ICBgkas9TgMc8=",
      "requires": {
        "ansi-colors": "^0.2.0",
        "error-symbol": "^0.1.0",
        "info-symbol": "^0.1.0",
        "log-ok": "^0.1.1",
        "success-symbol": "^0.1.0",
        "time-stamp": "^1.0.1",
        "warning-symbol": "^0.1.0"
      }
    },
    "map-visit": {
      "version": "1.0.0",
      "resolved": "http://registry.npm.taobao.org/map-visit/download/map-visit-1.0.0.tgz",
      "integrity": "sha1-7Nyo8TFE5mDxtb1B8S80edmN+48=",
      "requires": {
        "object-visit": "^1.0.0"
      }
    },
    "mimic-fn": {
      "version": "1.2.0",
      "resolved": "http://registry.npm.taobao.org/mimic-fn/download/mimic-fn-1.2.0.tgz",
      "integrity": "sha1-ggyGo5M0ZA6ZUWkovQP8qIBX0CI="
    },
    "minimatch": {
      "version": "3.0.4",
      "resolved": "http://registry.npm.taobao.org/minimatch/download/minimatch-3.0.4.tgz",
      "integrity": "sha1-UWbihkV/AzBgZL5Ul+jbsMPTIIM=",
      "requires": {
        "brace-expansion": "^1.1.7"
      }
    },
    "mixin-object": {
      "version": "2.0.1",
      "resolved": "http://registry.npm.taobao.org/mixin-object/download/mixin-object-2.0.1.tgz",
      "integrity": "sha1-T7lJRB2rGCVA8f4DW6YOGUel5X4=",
      "requires": {
        "for-in": "^0.1.3",
        "is-extendable": "^0.1.1"
      },
      "dependencies": {
        "for-in": {
          "version": "0.1.8",
          "resolved": "http://registry.npm.taobao.org/for-in/download/for-in-0.1.8.tgz",
          "integrity": "sha1-2Hc5COMSVhCZUrH9ubP6hn0ndeE="
        }
      }
    },
    "ms": {
      "version": "2.1.1",
      "resolved": "http://registry.npm.taobao.org/ms/download/ms-2.1.1.tgz",
      "integrity": "sha1-MKWGTrPrsKZvLr5tcnrwagnYbgo="
    },
    "mute-stream": {
      "version": "0.0.7",
      "resolved": "http://registry.npm.taobao.org/mute-stream/download/mute-stream-0.0.7.tgz",
      "integrity": "sha1-MHXOk7whuPq0PhvE2n6BFe0ee6s="
    },
    "object-copy": {
      "version": "0.1.0",
      "resolved": "http://registry.npm.taobao.org/object-copy/download/object-copy-0.1.0.tgz",
      "integrity": "sha1-fn2Fi3gb18mRpBupde04EnVOmYw=",
      "requires": {
        "copy-descriptor": "^0.1.0",
        "define-property": "^0.2.5",
        "kind-of": "^3.0.3"
      },
      "dependencies": {
        "define-property": {
          "version": "0.2.5",
          "resolved": "http://registry.npm.taobao.org/define-property/download/define-property-0.2.5.tgz",
          "integrity": "sha1-w1se+RjsPJkPmlvFe+BKrOxcgRY=",
          "requires": {
            "is-descriptor": "^0.1.0"
          }
        },
        "is-accessor-descriptor": {
          "version": "0.1.6",
          "resolved": "http://registry.npm.taobao.org/is-accessor-descriptor/download/is-accessor-descriptor-0.1.6.tgz",
          "integrity": "sha1-qeEss66Nh2cn7u84Q/igiXtcmNY=",
          "requires": {
            "kind-of": "^3.0.2"
          }
        },
        "is-data-descriptor": {
          "version": "0.1.4",
          "resolved": "http://registry.npm.taobao.org/is-data-descriptor/download/is-data-descriptor-0.1.4.tgz",
          "integrity": "sha1-C17mSDiOLIYCgueT8YVv7D8wG1Y=",
          "requires": {
            "kind-of": "^3.0.2"
          }
        },
        "is-descriptor": {
          "version": "0.1.6",
          "resolved": "http://registry.npm.taobao.org/is-descriptor/download/is-descriptor-0.1.6.tgz",
          "integrity": "sha1-Nm2CQN3kh8pRgjsaufB6EKeCUco=",
          "requires": {
            "is-accessor-descriptor": "^0.1.6",
            "is-data-descriptor": "^0.1.4",
            "kind-of": "^5.0.0"
          },
          "dependencies": {
            "kind-of": {
              "version": "5.1.0",
              "resolved": "http://registry.npm.taobao.org/kind-of/download/kind-of-5.1.0.tgz",
              "integrity": "sha1-cpyR4thXt6QZofmqZWhcTDP1hF0="
            }
          }
        }
      }
    },
    "object-visit": {
      "version": "1.0.1",
      "resolved": "http://registry.npm.taobao.org/object-visit/download/object-visit-1.0.1.tgz",
      "integrity": "sha1-95xEk68MU3e1n+OdOV5BBC3QRbs=",
      "requires": {
        "isobject": "^3.0.0"
      }
    },
    "once": {
      "version": "1.4.0",
      "resolved": "http://registry.npm.taobao.org/once/download/once-1.4.0.tgz",
      "integrity": "sha1-WDsap3WWHUsROsF9nFC6753Xa9E=",
      "requires": {
        "wrappy": "1"
      }
    },
    "onetime": {
      "version": "2.0.1",
      "resolved": "http://registry.npm.taobao.org/onetime/download/onetime-2.0.1.tgz",
      "integrity": "sha1-BnQoIw/WdEOyeUsiu6UotoZ5YtQ=",
      "requires": {
        "mimic-fn": "^1.0.0"
      }
    },
    "ora": {
      "version": "3.0.0",
      "resolved": "http://registry.npm.taobao.org/ora/download/ora-3.0.0.tgz",
      "integrity": "sha1-gXnjUluar9mSQtY8wgb9ZHMnQdA=",
      "requires": {
        "chalk": "^2.3.1",
        "cli-cursor": "^2.1.0",
        "cli-spinners": "^1.1.0",
        "log-symbols": "^2.2.0",
        "strip-ansi": "^4.0.0",
        "wcwidth": "^1.0.1"
      }
    },
    "path-is-absolute": {
      "version": "1.0.1",
      "resolved": "http://registry.npm.taobao.org/path-is-absolute/download/path-is-absolute-1.0.1.tgz",
      "integrity": "sha1-F0uSaHNVNP+8es5r9TpanhtcX18="
    },
    "pointer-symbol": {
      "version": "1.0.0",
      "resolved": "http://registry.npm.taobao.org/pointer-symbol/download/pointer-symbol-1.0.0.tgz",
      "integrity": "sha1-YPkRAgTqepKbYmRKITFVQ8uz1Ec="
    },
    "prompt-actions": {
      "version": "3.0.2",
      "resolved": "http://registry.npm.taobao.org/prompt-actions/download/prompt-actions-3.0.2.tgz",
      "integrity": "sha1-U37uUiQclAN581Sgbq6FKORM7ro=",
      "requires": {
        "debug": "^2.6.8"
      },
      "dependencies": {
        "debug": {
          "version": "2.6.9",
          "resolved": "http://registry.npm.taobao.org/debug/download/debug-2.6.9.tgz",
          "integrity": "sha1-XRKFFd8TT/Mn6QpMk/Tgd6U2NB8=",
          "requires": {
            "ms": "2.0.0"
          }
        },
        "ms": {
          "version": "2.0.0",
          "resolved": "http://registry.npm.taobao.org/ms/download/ms-2.0.0.tgz",
          "integrity": "sha1-VgiurfwAvmwpAd9fmGF4jeDVl8g="
        }
      }
    },
    "prompt-base": {
      "version": "5.0.0",
      "resolved": "http://registry.npm.taobao.org/prompt-base/download/prompt-base-5.0.0.tgz",
      "integrity": "sha1-HxaN2U0GQaq7NBHU8Su9bRLt6sE=",
      "requires": {
        "component-emitter": "^1.2.1",
        "debug": "^3.0.1",
        "koalas": "^1.0.2",
        "log-utils": "^0.2.1",
        "prompt-actions": "^3.0.2",
        "prompt-question": "^5.0.1",
        "readline-ui": "^2.2.3",
        "readline-utils": "^2.2.3",
        "static-extend": "^0.1.2"
      }
    },
    "prompt-checkbox": {
      "version": "2.2.0",
      "resolved": "http://registry.npm.taobao.org/prompt-checkbox/download/prompt-checkbox-2.2.0.tgz",
      "integrity": "sha1-obCGusfjQio/HDT2bW2lJIZHJpA=",
      "requires": {
        "ansi-cyan": "^0.1.1",
        "debug": "^2.6.8",
        "prompt-base": "^4.0.2"
      },
      "dependencies": {
        "debug": {
          "version": "2.6.9",
          "resolved": "http://registry.npm.taobao.org/debug/download/debug-2.6.9.tgz",
          "integrity": "sha1-XRKFFd8TT/Mn6QpMk/Tgd6U2NB8=",
          "requires": {
            "ms": "2.0.0"
          }
        },
        "ms": {
          "version": "2.0.0",
          "resolved": "http://registry.npm.taobao.org/ms/download/ms-2.0.0.tgz",
          "integrity": "sha1-VgiurfwAvmwpAd9fmGF4jeDVl8g="
        },
        "prompt-base": {
          "version": "4.1.0",
          "resolved": "http://registry.npm.taobao.org/prompt-base/download/prompt-base-4.1.0.tgz",
          "integrity": "sha1-e4jkwBsJbIPS9OUBp+hfDTaezR8=",
          "requires": {
            "component-emitter": "^1.2.1",
            "debug": "^3.0.1",
            "koalas": "^1.0.2",
            "log-utils": "^0.2.1",
            "prompt-actions": "^3.0.2",
            "prompt-question": "^5.0.1",
            "readline-ui": "^2.2.3",
            "readline-utils": "^2.2.3",
            "static-extend": "^0.1.2"
          },
          "dependencies": {
            "debug": {
              "version": "3.2.6",
              "resolved": "http://registry.npm.taobao.org/debug/download/debug-3.2.6.tgz",
              "integrity": "sha1-6D0X3hbYp++3cX7b5fsQE17uYps=",
              "requires": {
                "ms": "^2.1.1"
              }
            },
            "ms": {
              "version": "2.1.1",
              "resolved": "http://registry.npm.taobao.org/ms/download/ms-2.1.1.tgz",
              "integrity": "sha1-MKWGTrPrsKZvLr5tcnrwagnYbgo="
            }
          }
        }
      }
    },
    "prompt-choices": {
      "version": "4.1.0",
      "resolved": "http://registry.npm.taobao.org/prompt-choices/download/prompt-choices-4.1.0.tgz",
      "integrity": "sha1-YJQgLE5V0HYuScHlNzVyflP9SE8=",
      "requires": {
        "arr-flatten": "^1.1.0",
        "arr-swap": "^1.0.1",
        "choices-separator": "^2.0.0",
        "clone-deep": "^4.0.0",
        "collection-visit": "^1.0.0",
        "define-property": "^2.0.2",
        "is-number": "^6.0.0",
        "kind-of": "^6.0.2",
        "koalas": "^1.0.2",
        "log-utils": "^0.2.1",
        "pointer-symbol": "^1.0.0",
        "radio-symbol": "^2.0.0",
        "set-value": "^3.0.0",
        "strip-color": "^0.1.0",
        "terminal-paginator": "^2.0.2",
        "toggle-array": "^1.0.1"
      },
      "dependencies": {
        "clone-deep": {
          "version": "4.0.0",
          "resolved": "http://registry.npm.taobao.org/clone-deep/download/clone-deep-4.0.0.tgz",
          "integrity": "sha1-pBrlTbkEi0B9nHPnAyl6EuHf2TI=",
          "requires": {
            "kind-of": "^6.0.2",
            "shallow-clone": "^3.0.0"
          }
        },
        "define-property": {
          "version": "2.0.2",
          "resolved": "http://registry.npm.taobao.org/define-property/download/define-property-2.0.2.tgz",
          "integrity": "sha1-1Flono1lS6d+AqgX+HENcCyxbp0=",
          "requires": {
            "is-descriptor": "^1.0.2",
            "isobject": "^3.0.1"
          }
        },
        "kind-of": {
          "version": "6.0.2",
          "resolved": "http://registry.npm.taobao.org/kind-of/download/kind-of-6.0.2.tgz",
          "integrity": "sha1-ARRrNqYhjmTljzqNZt5df8b20FE="
        },
        "shallow-clone": {
          "version": "3.0.0",
          "resolved": "http://registry.npm.taobao.org/shallow-clone/download/shallow-clone-3.0.0.tgz",
          "integrity": "sha1-MXtwH6zOXnQtTATGTh1S+VfiKyg=",
          "requires": {
            "kind-of": "^6.0.2"
          }
        }
      }
    },
    "prompt-question": {
      "version": "5.0.2",
      "resolved": "http://registry.npm.taobao.org/prompt-question/download/prompt-question-5.0.2.tgz",
      "integrity": "sha1-gaR5848Lr+zHWOXW97xYblmWELM=",
      "requires": {
        "clone-deep": "^1.0.0",
        "debug": "^3.0.1",
        "define-property": "^1.0.0",
        "isobject": "^3.0.1",
        "kind-of": "^5.0.2",
        "koalas": "^1.0.2",
        "prompt-choices": "^4.0.5"
      },
      "dependencies": {
        "kind-of": {
          "version": "5.1.0",
          "resolved": "http://registry.npm.taobao.org/kind-of/download/kind-of-5.1.0.tgz",
          "integrity": "sha1-cpyR4thXt6QZofmqZWhcTDP1hF0="
        }
      }
    },
    "prompt-radio": {
      "version": "1.2.1",
      "resolved": "http://registry.npm.taobao.org/prompt-radio/download/prompt-radio-1.2.1.tgz",
      "integrity": "sha1-ZqTLKxidM3Pn+d27wQcAGGyJWf8=",
      "requires": {
        "debug": "^2.6.8",
        "prompt-checkbox": "^2.2.0"
      },
      "dependencies": {
        "debug": {
          "version": "2.6.9",
          "resolved": "http://registry.npm.taobao.org/debug/download/debug-2.6.9.tgz",
          "integrity": "sha1-XRKFFd8TT/Mn6QpMk/Tgd6U2NB8=",
          "requires": {
            "ms": "2.0.0"
          }
        },
        "ms": {
          "version": "2.0.0",
          "resolved": "http://registry.npm.taobao.org/ms/download/ms-2.0.0.tgz",
          "integrity": "sha1-VgiurfwAvmwpAd9fmGF4jeDVl8g="
        }
      }
    },
    "radio-symbol": {
      "version": "2.0.0",
      "resolved": "http://registry.npm.taobao.org/radio-symbol/download/radio-symbol-2.0.0.tgz",
      "integrity": "sha1-eqm/xQSFY21S3XbWqOYxspB5muE=",
      "requires": {
        "ansi-gray": "^0.1.1",
        "ansi-green": "^0.1.1",
        "is-windows": "^1.0.1"
      }
    },
    "readline-ui": {
      "version": "2.2.3",
      "resolved": "http://registry.npm.taobao.org/readline-ui/download/readline-ui-2.2.3.tgz",
      "integrity": "sha1-noc6dmi72MqKVXPOgQprr7cKUIk=",
      "requires": {
        "component-emitter": "^1.2.1",
        "debug": "^2.6.8",
        "readline-utils": "^2.2.1",
        "string-width": "^2.0.0"
      },
      "dependencies": {
        "debug": {
          "version": "2.6.9",
          "resolved": "http://registry.npm.taobao.org/debug/download/debug-2.6.9.tgz",
          "integrity": "sha1-XRKFFd8TT/Mn6QpMk/Tgd6U2NB8=",
          "requires": {
            "ms": "2.0.0"
          }
        },
        "ms": {
          "version": "2.0.0",
          "resolved": "http://registry.npm.taobao.org/ms/download/ms-2.0.0.tgz",
          "integrity": "sha1-VgiurfwAvmwpAd9fmGF4jeDVl8g="
        }
      }
    },
    "readline-utils": {
      "version": "2.2.3",
      "resolved": "http://registry.npm.taobao.org/readline-utils/download/readline-utils-2.2.3.tgz",
      "integrity": "sha1-b4R9a48ZFcORtYHDZ81HhzhiNRo=",
      "requires": {
        "arr-flatten": "^1.1.0",
        "extend-shallow": "^2.0.1",
        "is-buffer": "^1.1.5",
        "is-number": "^3.0.0",
        "is-windows": "^1.0.1",
        "koalas": "^1.0.2",
        "mute-stream": "0.0.7",
        "strip-color": "^0.1.0",
        "window-size": "^1.1.0"
      },
      "dependencies": {
        "is-number": {
          "version": "3.0.0",
          "resolved": "http://registry.npm.taobao.org/is-number/download/is-number-3.0.0.tgz",
          "integrity": "sha1-JP1iAaR4LPUFYcgQJ2r8fRLXEZU=",
          "requires": {
            "kind-of": "^3.0.2"
          }
        }
      }
    },
    "restore-cursor": {
      "version": "2.0.0",
      "resolved": "http://registry.npm.taobao.org/restore-cursor/download/restore-cursor-2.0.0.tgz",
      "integrity": "sha1-n37ih/gv0ybU/RYpI9YhKe7g368=",
      "requires": {
        "onetime": "^2.0.0",
        "signal-exit": "^3.0.2"
      }
    },
    "rimraf": {
      "version": "2.6.2",
      "resolved": "http://registry.npm.taobao.org/rimraf/download/rimraf-2.6.2.tgz",
      "integrity": "sha1-LtgVDSShbqhlHm1u8PR8QVjOejY=",
      "requires": {
        "glob": "^7.0.5"
      }
    },
    "set-getter": {
      "version": "0.1.0",
      "resolved": "http://registry.npm.taobao.org/set-getter/download/set-getter-0.1.0.tgz",
      "integrity": "sha1-12nBgsnVpR9AkUXy+6guXoboA3Y=",
      "requires": {
        "to-object-path": "^0.3.0"
      }
    },
    "set-value": {
      "version": "3.0.0",
      "resolved": "http://registry.npm.taobao.org/set-value/download/set-value-3.0.0.tgz",
      "integrity": "sha1-vAIVFPRu/+2Bdv1fD2fpmIUxFB8=",
      "requires": {
        "is-plain-object": "^2.0.4"
      }
    },
    "shallow-clone": {
      "version": "1.0.0",
      "resolved": "http://registry.npm.taobao.org/shallow-clone/download/shallow-clone-1.0.0.tgz",
      "integrity": "sha1-RIDNBuiC72iyrYij6lSDLixItXE=",
      "requires": {
        "is-extendable": "^0.1.1",
        "kind-of": "^5.0.0",
        "mixin-object": "^2.0.1"
      },
      "dependencies": {
        "kind-of": {
          "version": "5.1.0",
          "resolved": "http://registry.npm.taobao.org/kind-of/download/kind-of-5.1.0.tgz",
          "integrity": "sha1-cpyR4thXt6QZofmqZWhcTDP1hF0="
        }
      }
    },
    "signal-exit": {
      "version": "3.0.2",
      "resolved": "http://registry.npm.taobao.org/signal-exit/download/signal-exit-3.0.2.tgz",
      "integrity": "sha1-tf3AjxKH6hF4Yo5BXiUTK3NkbG0="
    },
    "static-extend": {
      "version": "0.1.2",
      "resolved": "http://registry.npm.taobao.org/static-extend/download/static-extend-0.1.2.tgz",
      "integrity": "sha1-YICcOcv/VTNyJv1eC1IPNB8ftcY=",
      "requires": {
        "define-property": "^0.2.5",
        "object-copy": "^0.1.0"
      },
      "dependencies": {
        "define-property": {
          "version": "0.2.5",
          "resolved": "http://registry.npm.taobao.org/define-property/download/define-property-0.2.5.tgz",
          "integrity": "sha1-w1se+RjsPJkPmlvFe+BKrOxcgRY=",
          "requires": {
            "is-descriptor": "^0.1.0"
          }
        },
        "is-accessor-descriptor": {
          "version": "0.1.6",
          "resolved": "http://registry.npm.taobao.org/is-accessor-descriptor/download/is-accessor-descriptor-0.1.6.tgz",
          "integrity": "sha1-qeEss66Nh2cn7u84Q/igiXtcmNY=",
          "requires": {
            "kind-of": "^3.0.2"
          },
          "dependencies": {
            "kind-of": {
              "version": "3.2.2",
              "resolved": "http://registry.npm.taobao.org/kind-of/download/kind-of-3.2.2.tgz",
              "integrity": "sha1-MeohpzS6ubuw8yRm2JOupR5KPGQ=",
              "requires": {
                "is-buffer": "^1.1.5"
              }
            }
          }
        },
        "is-data-descriptor": {
          "version": "0.1.4",
          "resolved": "http://registry.npm.taobao.org/is-data-descriptor/download/is-data-descriptor-0.1.4.tgz",
          "integrity": "sha1-C17mSDiOLIYCgueT8YVv7D8wG1Y=",
          "requires": {
            "kind-of": "^3.0.2"
          },
          "dependencies": {
            "kind-of": {
              "version": "3.2.2",
              "resolved": "http://registry.npm.taobao.org/kind-of/download/kind-of-3.2.2.tgz",
              "integrity": "sha1-MeohpzS6ubuw8yRm2JOupR5KPGQ=",
              "requires": {
                "is-buffer": "^1.1.5"
              }
            }
          }
        },
        "is-descriptor": {
          "version": "0.1.6",
          "resolved": "http://registry.npm.taobao.org/is-descriptor/download/is-descriptor-0.1.6.tgz",
          "integrity": "sha1-Nm2CQN3kh8pRgjsaufB6EKeCUco=",
          "requires": {
            "is-accessor-descriptor": "^0.1.6",
            "is-data-descriptor": "^0.1.4",
            "kind-of": "^5.0.0"
          }
        },
        "kind-of": {
          "version": "5.1.0",
          "resolved": "http://registry.npm.taobao.org/kind-of/download/kind-of-5.1.0.tgz",
          "integrity": "sha1-cpyR4thXt6QZofmqZWhcTDP1hF0="
        }
      }
    },
    "string-width": {
      "version": "2.1.1",
      "resolved": "http://registry.npm.taobao.org/string-width/download/string-width-2.1.1.tgz",
      "integrity": "sha1-q5Pyeo3BPSjKyBXEYhQ6bZASrp4=",
      "requires": {
        "is-fullwidth-code-point": "^2.0.0",
        "strip-ansi": "^4.0.0"
      }
    },
    "strip-ansi": {
      "version": "4.0.0",
      "resolved": "http://registry.npm.taobao.org/strip-ansi/download/strip-ansi-4.0.0.tgz",
      "integrity": "sha1-qEeQIusaw2iocTibY1JixQXuNo8=",
      "requires": {
        "ansi-regex": "^3.0.0"
      }
    },
    "strip-color": {
      "version": "0.1.0",
      "resolved": "http://registry.npm.taobao.org/strip-color/download/strip-color-0.1.0.tgz",
      "integrity": "sha1-EG9l09PmotlAHKwOsM6LinArT3s="
    },
    "success-symbol": {
      "version": "0.1.0",
      "resolved": "http://registry.npm.taobao.org/success-symbol/download/success-symbol-0.1.0.tgz",
      "integrity": "sha1-JAIuSG878c3KCUKDt2nEctO3KJc="
    },
    "supports-color": {
      "version": "5.5.0",
      "resolved": "http://registry.npm.taobao.org/supports-color/download/supports-color-5.5.0.tgz",
      "integrity": "sha1-4uaaRKyHcveKHsCzW2id9lMO/I8=",
      "requires": {
        "has-flag": "^3.0.0"
      }
    },
    "terminal-paginator": {
      "version": "2.0.2",
      "resolved": "http://registry.npm.taobao.org/terminal-paginator/download/terminal-paginator-2.0.2.tgz",
      "integrity": "sha1-ln5mBW8o/o9Vunwe6/t8PvNxwdM=",
      "requires": {
        "debug": "^2.6.6",
        "extend-shallow": "^2.0.1",
        "log-utils": "^0.2.1"
      },
      "dependencies": {
        "debug": {
          "version": "2.6.9",
          "resolved": "http://registry.npm.taobao.org/debug/download/debug-2.6.9.tgz",
          "integrity": "sha1-XRKFFd8TT/Mn6QpMk/Tgd6U2NB8=",
          "requires": {
            "ms": "2.0.0"
          }
        },
        "ms": {
          "version": "2.0.0",
          "resolved": "http://registry.npm.taobao.org/ms/download/ms-2.0.0.tgz",
          "integrity": "sha1-VgiurfwAvmwpAd9fmGF4jeDVl8g="
        }
      }
    },
    "time-stamp": {
      "version": "1.1.0",
      "resolved": "http://registry.npm.taobao.org/time-stamp/download/time-stamp-1.1.0.tgz",
      "integrity": "sha1-dkpaEa9QVhkhsTPztE5hhofg9cM="
    },
    "to-object-path": {
      "version": "0.3.0",
      "resolved": "http://registry.npm.taobao.org/to-object-path/download/to-object-path-0.3.0.tgz",
      "integrity": "sha1-KXWIt7Dn4KwI4E5nL4XB9JmeF68=",
      "requires": {
        "kind-of": "^3.0.2"
      }
    },
    "toggle-array": {
      "version": "1.0.1",
      "resolved": "http://registry.npm.taobao.org/toggle-array/download/toggle-array-1.0.1.tgz",
      "integrity": "sha1-y/WEB5K9UJfzMReugkyTKv/ofVg=",
      "requires": {
        "isobject": "^3.0.0"
      }
    },
    "warning-symbol": {
      "version": "0.1.0",
      "resolved": "http://registry.npm.taobao.org/warning-symbol/download/warning-symbol-0.1.0.tgz",
      "integrity": "sha1-uzHdEbeg+dZ6su2V9Fe2WCW7rSE="
    },
    "wcwidth": {
      "version": "1.0.1",
      "resolved": "http://registry.npm.taobao.org/wcwidth/download/wcwidth-1.0.1.tgz",
      "integrity": "sha1-8LDc+RW8X/FSivrbLA4XtTLaL+g=",
      "requires": {
        "defaults": "^1.0.3"
      }
    },
    "window-size": {
      "version": "1.1.1",
      "resolved": "http://registry.npm.taobao.org/window-size/download/window-size-1.1.1.tgz",
      "integrity": "sha1-mFhYZYCtp4qybs1peKbgMRXBryA=",
      "requires": {
        "define-property": "^1.0.0",
        "is-number": "^3.0.0"
      },
      "dependencies": {
        "is-number": {
          "version": "3.0.0",
          "resolved": "http://registry.npm.taobao.org/is-number/download/is-number-3.0.0.tgz",
          "integrity": "sha1-JP1iAaR4LPUFYcgQJ2r8fRLXEZU=",
          "requires": {
            "kind-of": "^3.0.2"
          }
        }
      }
    },
    "wrappy": {
      "version": "1.0.2",
      "resolved": "http://registry.npm.taobao.org/wrappy/download/wrappy-1.0.2.tgz",
      "integrity": "sha1-tSQ9jz7BqjXxNkYFvA0QNuMKtp8="
    }
  }
}
